// !$*UTF8*$!
{
	archiveVersion = 1;
	classes = {
	};
	objectVersion = 50;
	objects = {

/* Begin PBXBuildFile section */
		021A70BB2519F0D5006D7C91 /* MemoriesApp.swift in Sources */ = {isa = PBXBuildFile; fileRef = 021A70BA2519F0D5006D7C91 /* MemoriesApp.swift */; };
		021A70BF2519F0D8006D7C91 /* Assets.xcassets in Resources */ = {isa = PBXBuildFile; fileRef = 021A70BE2519F0D8006D7C91 /* Assets.xcassets */; };
		021A70C22519F0D8006D7C91 /* Preview Assets.xcassets in Resources */ = {isa = PBXBuildFile; fileRef = 021A70C12519F0D8006D7C91 /* Preview Assets.xcassets */; };
		021A70C42519F0D8006D7C91 /* Persistence.swift in Sources */ = {isa = PBXBuildFile; fileRef = 021A70C32519F0D8006D7C91 /* Persistence.swift */; };
		021A70C72519F0D8006D7C91 /* Memories.xcdatamodeld in Sources */ = {isa = PBXBuildFile; fileRef = 021A70C52519F0D8006D7C91 /* Memories.xcdatamodeld */; };
		026B695B2536A4C9000654E7 /* GridLayout.swift in Sources */ = {isa = PBXBuildFile; fileRef = 026B69562536A4C9000654E7 /* GridLayout.swift */; };
		026B695C2536A4C9000654E7 /* Pie.swift in Sources */ = {isa = PBXBuildFile; fileRef = 026B69572536A4C9000654E7 /* Pie.swift */; };
		026B695D2536A4C9000654E7 /* Clarify.swift in Sources */ = {isa = PBXBuildFile; fileRef = 026B69582536A4C9000654E7 /* Clarify.swift */; };
		026B695E2536A4C9000654E7 /* EmojiMemoryContentView.swift in Sources */ = {isa = PBXBuildFile; fileRef = 026B69592536A4C9000654E7 /* EmojiMemoryContentView.swift */; };
		026B695F2536A4C9000654E7 /* Grid.swift in Sources */ = {isa = PBXBuildFile; fileRef = 026B695A2536A4C9000654E7 /* Grid.swift */; };
		026B69682536A4DD000654E7 /* Array+Identifiable.swift in Sources */ = {isa = PBXBuildFile; fileRef = 026B69622536A4DD000654E7 /* Array+Identifiable.swift */; };
		026B69692536A4DD000654E7 /* ProjectExtensive.swift in Sources */ = {isa = PBXBuildFile; fileRef = 026B69632536A4DD000654E7 /* ProjectExtensive.swift */; };
		026B696A2536A4DD000654E7 /* EmojiMemoryGame.swift in Sources */ = {isa = PBXBuildFile; fileRef = 026B69652536A4DD000654E7 /* EmojiMemoryGame.swift */; };
		026B696B2536A4DD000654E7 /* MemoryGame.swift in Sources */ = {isa = PBXBuildFile; fileRef = 026B69672536A4DD000654E7 /* MemoryGame.swift */; };
		02F449D42537F75500B5973E /* StartView.swift in Sources */ = {isa = PBXBuildFile; fileRef = 02F449D32537F75500B5973E /* StartView.swift */; };
		02F449D72538225B00B5973E /* MenuButtonStyle.swift in Sources */ = {isa = PBXBuildFile; fileRef = 02F449D62538225B00B5973E /* MenuButtonStyle.swift */; };
		02F449DA2538251900B5973E /* Theme.swift in Sources */ = {isa = PBXBuildFile; fileRef = 02F449D92538251900B5973E /* Theme.swift */; };
		02F449E025382D5900B5973E /* UIColor+LighterColor.swift in Sources */ = {isa = PBXBuildFile; fileRef = 02F449DF25382D5900B5973E /* UIColor+LighterColor.swift */; };
		02F449E42538385900B5973E /* GameSetting.swift in Sources */ = {isa = PBXBuildFile; fileRef = 02F449E32538385900B5973E /* GameSetting.swift */; };
		02F449E725383B4900B5973E /* ThemeColor.swift in Sources */ = {isa = PBXBuildFile; fileRef = 02F449E625383B4900B5973E /* ThemeColor.swift */; };
		02F449EA253937AC00B5973E /* ThemeView.swift in Sources */ = {isa = PBXBuildFile; fileRef = 02F449E9253937AC00B5973E /* ThemeView.swift */; };
		02F449ED2539445600B5973E /* Binding+Closure.swift in Sources */ = {isa = PBXBuildFile; fileRef = 02F449EC2539445600B5973E /* Binding+Closure.swift */; };
/* End PBXBuildFile section */

/* Begin PBXFileReference section */
		021A70B72519F0D5006D7C91 /* Memories.app */ = {isa = PBXFileReference; explicitFileType = wrapper.application; includeInIndex = 0; path = Memories.app; sourceTree = BUILT_PRODUCTS_DIR; };
		021A70BA2519F0D5006D7C91 /* MemoriesApp.swift */ = {isa = PBXFileReference; lastKnownFileType = sourcecode.swift; path = MemoriesApp.swift; sourceTree = "<group>"; };
		021A70BE2519F0D8006D7C91 /* Assets.xcassets */ = {isa = PBXFileReference; lastKnownFileType = folder.assetcatalog; path = Assets.xcassets; sourceTree = "<group>"; };
		021A70C12519F0D8006D7C91 /* Preview Assets.xcassets */ = {isa = PBXFileReference; lastKnownFileType = folder.assetcatalog; path = "Preview Assets.xcassets"; sourceTree = "<group>"; };
		021A70C32519F0D8006D7C91 /* Persistence.swift */ = {isa = PBXFileReference; lastKnownFileType = sourcecode.swift; path = Persistence.swift; sourceTree = "<group>"; };
		021A70C62519F0D8006D7C91 /* Memories.xcdatamodel */ = {isa = PBXFileReference; lastKnownFileType = wrapper.xcdatamodel; path = Memories.xcdatamodel; sourceTree = "<group>"; };
		021A70C82519F0D8006D7C91 /* Info.plist */ = {isa = PBXFileReference; lastKnownFileType = text.plist.xml; path = Info.plist; sourceTree = "<group>"; };
		026B69562536A4C9000654E7 /* GridLayout.swift */ = {isa = PBXFileReference; fileEncoding = 4; lastKnownFileType = sourcecode.swift; path = GridLayout.swift; sourceTree = "<group>"; };
		026B69572536A4C9000654E7 /* Pie.swift */ = {isa = PBXFileReference; fileEncoding = 4; lastKnownFileType = sourcecode.swift; path = Pie.swift; sourceTree = "<group>"; };
		026B69582536A4C9000654E7 /* Clarify.swift */ = {isa = PBXFileReference; fileEncoding = 4; lastKnownFileType = sourcecode.swift; path = Clarify.swift; sourceTree = "<group>"; };
		026B69592536A4C9000654E7 /* EmojiMemoryContentView.swift */ = {isa = PBXFileReference; fileEncoding = 4; lastKnownFileType = sourcecode.swift; path = EmojiMemoryContentView.swift; sourceTree = "<group>"; };
		026B695A2536A4C9000654E7 /* Grid.swift */ = {isa = PBXFileReference; fileEncoding = 4; lastKnownFileType = sourcecode.swift; path = Grid.swift; sourceTree = "<group>"; };
		026B69622536A4DD000654E7 /* Array+Identifiable.swift */ = {isa = PBXFileReference; fileEncoding = 4; lastKnownFileType = sourcecode.swift; path = "Array+Identifiable.swift"; sourceTree = "<group>"; };
		026B69632536A4DD000654E7 /* ProjectExtensive.swift */ = {isa = PBXFileReference; fileEncoding = 4; lastKnownFileType = sourcecode.swift; path = ProjectExtensive.swift; sourceTree = "<group>"; };
		026B69652536A4DD000654E7 /* EmojiMemoryGame.swift */ = {isa = PBXFileReference; fileEncoding = 4; lastKnownFileType = sourcecode.swift; path = EmojiMemoryGame.swift; sourceTree = "<group>"; };
		026B69672536A4DD000654E7 /* MemoryGame.swift */ = {isa = PBXFileReference; fileEncoding = 4; lastKnownFileType = sourcecode.swift; path = MemoryGame.swift; sourceTree = "<group>"; };
		02F449D32537F75500B5973E /* StartView.swift */ = {isa = PBXFileReference; lastKnownFileType = sourcecode.swift; path = StartView.swift; sourceTree = "<group>"; };
		02F449D62538225B00B5973E /* MenuButtonStyle.swift */ = {isa = PBXFileReference; lastKnownFileType = sourcecode.swift; path = MenuButtonStyle.swift; sourceTree = "<group>"; };
		02F449D92538251900B5973E /* Theme.swift */ = {isa = PBXFileReference; lastKnownFileType = sourcecode.swift; path = Theme.swift; sourceTree = "<group>"; };
		02F449DF25382D5900B5973E /* UIColor+LighterColor.swift */ = {isa = PBXFileReference; lastKnownFileType = sourcecode.swift; path = "UIColor+LighterColor.swift"; sourceTree = "<group>"; };
		02F449E32538385900B5973E /* GameSetting.swift */ = {isa = PBXFileReference; lastKnownFileType = sourcecode.swift; path = GameSetting.swift; sourceTree = "<group>"; };
		02F449E625383B4900B5973E /* ThemeColor.swift */ = {isa = PBXFileReference; lastKnownFileType = sourcecode.swift; path = ThemeColor.swift; sourceTree = "<group>"; };
		02F449E9253937AC00B5973E /* ThemeView.swift */ = {isa = PBXFileReference; lastKnownFileType = sourcecode.swift; path = ThemeView.swift; sourceTree = "<group>"; };
		02F449EC2539445600B5973E /* Binding+Closure.swift */ = {isa = PBXFileReference; lastKnownFileType = sourcecode.swift; path = "Binding+Closure.swift"; sourceTree = "<group>"; };
/* End PBXFileReference section */

/* Begin PBXFrameworksBuildPhase section */
		021A70B42519F0D5006D7C91 /* Frameworks */ = {
			isa = PBXFrameworksBuildPhase;
			buildActionMask = 2147483647;
			files = (
			);
			runOnlyForDeploymentPostprocessing = 0;
		};
/* End PBXFrameworksBuildPhase section */

/* Begin PBXGroup section */
		021A70AE2519F0D5006D7C91 = {
			isa = PBXGroup;
			children = (
				021A70B92519F0D5006D7C91 /* Memories */,
				021A70B82519F0D5006D7C91 /* Products */,
			);
			sourceTree = "<group>";
		};
		021A70B82519F0D5006D7C91 /* Products */ = {
			isa = PBXGroup;
			children = (
				021A70B72519F0D5006D7C91 /* Memories.app */,
			);
			name = Products;
			sourceTree = "<group>";
		};
		021A70B92519F0D5006D7C91 /* Memories */ = {
			isa = PBXGroup;
			children = (
				026B69612536A4DD000654E7 /* Helper */,
				026B69662536A4DD000654E7 /* Model */,
				026B69642536A4DD000654E7 /* ViewModel */,
				026B69552536A4C9000654E7 /* View */,
				021A70BA2519F0D5006D7C91 /* MemoriesApp.swift */,
				021A70BE2519F0D8006D7C91 /* Assets.xcassets */,
				021A70C32519F0D8006D7C91 /* Persistence.swift */,
				021A70C82519F0D8006D7C91 /* Info.plist */,
				021A70C52519F0D8006D7C91 /* Memories.xcdatamodeld */,
				021A70C02519F0D8006D7C91 /* Preview Content */,
			);
			path = Memories;
			sourceTree = "<group>";
		};
		021A70C02519F0D8006D7C91 /* Preview Content */ = {
			isa = PBXGroup;
			children = (
				021A70C12519F0D8006D7C91 /* Preview Assets.xcassets */,
			);
			path = "Preview Content";
			sourceTree = "<group>";
		};
		026B69552536A4C9000654E7 /* View */ = {
			isa = PBXGroup;
			children = (
				026B69562536A4C9000654E7 /* GridLayout.swift */,
				026B69572536A4C9000654E7 /* Pie.swift */,
				026B69582536A4C9000654E7 /* Clarify.swift */,
				026B69592536A4C9000654E7 /* EmojiMemoryContentView.swift */,
				026B695A2536A4C9000654E7 /* Grid.swift */,
				02F449D32537F75500B5973E /* StartView.swift */,
				02F449D62538225B00B5973E /* MenuButtonStyle.swift */,
				02F449E625383B4900B5973E /* ThemeColor.swift */,
				02F449E9253937AC00B5973E /* ThemeView.swift */,
			);
			path = View;
			sourceTree = "<group>";
		};
		026B69612536A4DD000654E7 /* Helper */ = {
			isa = PBXGroup;
			children = (
				026B69622536A4DD000654E7 /* Array+Identifiable.swift */,
				026B69632536A4DD000654E7 /* ProjectExtensive.swift */,
				02F449DF25382D5900B5973E /* UIColor+LighterColor.swift */,
				02F449EC2539445600B5973E /* Binding+Closure.swift */,
			);
			path = Helper;
			sourceTree = "<group>";
		};
		026B69642536A4DD000654E7 /* ViewModel */ = {
			isa = PBXGroup;
			children = (
				026B69652536A4DD000654E7 /* EmojiMemoryGame.swift */,
			);
			path = ViewModel;
			sourceTree = "<group>";
		};
		026B69662536A4DD000654E7 /* Model */ = {
			isa = PBXGroup;
			children = (
				026B69672536A4DD000654E7 /* MemoryGame.swift */,
				02F449D92538251900B5973E /* Theme.swift */,
				02F449E32538385900B5973E /* GameSetting.swift */,
			);
			path = Model;
			sourceTree = "<group>";
		};
/* End PBXGroup section */

/* Begin PBXNativeTarget section */
		021A70B62519F0D5006D7C91 /* Memories */ = {
			isa = PBXNativeTarget;
			buildConfigurationList = 021A70CB2519F0D8006D7C91 /* Build configuration list for PBXNativeTarget "Memories" */;
			buildPhases = (
				021A70B32519F0D5006D7C91 /* Sources */,
				021A70B42519F0D5006D7C91 /* Frameworks */,
				021A70B52519F0D5006D7C91 /* Resources */,
			);
			buildRules = (
			);
			dependencies = (
			);
			name = Memories;
			productName = Memories;
			productReference = 021A70B72519F0D5006D7C91 /* Memories.app */;
			productType = "com.apple.product-type.application";
		};
/* End PBXNativeTarget section */

/* Begin PBXProject section */
		021A70AF2519F0D5006D7C91 /* Project object */ = {
			isa = PBXProject;
			attributes = {
				LastSwiftUpdateCheck = 1200;
				LastUpgradeCheck = 1200;
				TargetAttributes = {
					021A70B62519F0D5006D7C91 = {
						CreatedOnToolsVersion = 12.0;
					};
				};
			};
			buildConfigurationList = 021A70B22519F0D5006D7C91 /* Build configuration list for PBXProject "Memories" */;
			compatibilityVersion = "Xcode 9.3";
			developmentRegion = en;
			hasScannedForEncodings = 0;
			knownRegions = (
				en,
				Base,
			);
			mainGroup = 021A70AE2519F0D5006D7C91;
			productRefGroup = 021A70B82519F0D5006D7C91 /* Products */;
			projectDirPath = "";
			projectRoot = "";
			targets = (
				021A70B62519F0D5006D7C91 /* Memories */,
			);
		};
/* End PBXProject section */

/* Begin PBXResourcesBuildPhase section */
		021A70B52519F0D5006D7C91 /* Resources */ = {
			isa = PBXResourcesBuildPhase;
			buildActionMask = 2147483647;
			files = (
				021A70C22519F0D8006D7C91 /* Preview Assets.xcassets in Resources */,
				021A70BF2519F0D8006D7C91 /* Assets.xcassets in Resources */,
			);
			runOnlyForDeploymentPostprocessing = 0;
		};
/* End PBXResourcesBuildPhase section */

/* Begin PBXSourcesBuildPhase section */
		021A70B32519F0D5006D7C91 /* Sources */ = {
			isa = PBXSourcesBuildPhase;
			buildActionMask = 2147483647;
			files = (
				02F449EA253937AC00B5973E /* ThemeView.swift in Sources */,
				026B695C2536A4C9000654E7 /* Pie.swift in Sources */,
				02F449E025382D5900B5973E /* UIColor+LighterColor.swift in Sources */,
				02F449ED2539445600B5973E /* Binding+Closure.swift in Sources */,
				021A70C42519F0D8006D7C91 /* Persistence.swift in Sources */,
				026B695D2536A4C9000654E7 /* Clarify.swift in Sources */,
				026B695F2536A4C9000654E7 /* Grid.swift in Sources */,
				021A70C72519F0D8006D7C91 /* Memories.xcdatamodeld in Sources */,
				02F449D42537F75500B5973E /* StartView.swift in Sources */,
				026B69682536A4DD000654E7 /* Array+Identifiable.swift in Sources */,
				026B696B2536A4DD000654E7 /* MemoryGame.swift in Sources */,
				021A70BB2519F0D5006D7C91 /* MemoriesApp.swift in Sources */,
				026B69692536A4DD000654E7 /* ProjectExtensive.swift in Sources */,
				02F449E725383B4900B5973E /* ThemeColor.swift in Sources */,
				02F449D72538225B00B5973E /* MenuButtonStyle.swift in Sources */,
				026B695E2536A4C9000654E7 /* EmojiMemoryContentView.swift in Sources */,
				02F449DA2538251900B5973E /* Theme.swift in Sources */,
				026B695B2536A4C9000654E7 /* GridLayout.swift in Sources */,
				026B696A2536A4DD000654E7 /* EmojiMemoryGame.swift in Sources */,
				02F449E42538385900B5973E /* GameSetting.swift in Sources */,
			);
			runOnlyForDeploymentPostprocessing = 0;
		};
/* End PBXSourcesBuildPhase section */

/* Begin XCBuildConfiguration section */
		021A70C92519F0D8006D7C91 /* Debug */ = {
			isa = XCBuildConfiguration;
			buildSettings = {
				ALWAYS_SEARCH_USER_PATHS = NO;
				CLANG_ANALYZER_NONNULL = YES;
				CLANG_ANALYZER_NUMBER_OBJECT_CONVERSION = YES_AGGRESSIVE;
				CLANG_CXX_LANGUAGE_STANDARD = "gnu++14";
				CLANG_CXX_LIBRARY = "libc++";
				CLANG_ENABLE_MODULES = YES;
				CLANG_ENABLE_OBJC_ARC = YES;
				CLANG_ENABLE_OBJC_WEAK = YES;
				CLANG_WARN_BLOCK_CAPTURE_AUTORELEASING = YES;
				CLANG_WARN_BOOL_CONVERSION = YES;
				CLANG_WARN_COMMA = YES;
				CLANG_WARN_CONSTANT_CONVERSION = YES;
				CLANG_WARN_DEPRECATED_OBJC_IMPLEMENTATIONS = YES;
				CLANG_WARN_DIRECT_OBJC_ISA_USAGE = YES_ERROR;
				CLANG_WARN_DOCUMENTATION_COMMENTS = YES;
				CLANG_WARN_EMPTY_BODY = YES;
				CLANG_WARN_ENUM_CONVERSION = YES;
				CLANG_WARN_INFINITE_RECURSION = YES;
				CLANG_WARN_INT_CONVERSION = YES;
				CLANG_WARN_NON_LITERAL_NULL_CONVERSION = YES;
				CLANG_WARN_OBJC_IMPLICIT_RETAIN_SELF = YES;
				CLANG_WARN_OBJC_LITERAL_CONVERSION = YES;
				CLANG_WARN_OBJC_ROOT_CLASS = YES_ERROR;
				CLANG_WARN_QUOTED_INCLUDE_IN_FRAMEWORK_HEADER = YES;
				CLANG_WARN_RANGE_LOOP_ANALYSIS = YES;
				CLANG_WARN_STRICT_PROTOTYPES = YES;
				CLANG_WARN_SUSPICIOUS_MOVE = YES;
				CLANG_WARN_UNGUARDED_AVAILABILITY = YES_AGGRESSIVE;
				CLANG_WARN_UNREACHABLE_CODE = YES;
				CLANG_WARN__DUPLICATE_METHOD_MATCH = YES;
				COPY_PHASE_STRIP = NO;
				DEBUG_INFORMATION_FORMAT = dwarf;
				ENABLE_STRICT_OBJC_MSGSEND = YES;
				ENABLE_TESTABILITY = YES;
				GCC_C_LANGUAGE_STANDARD = gnu11;
				GCC_DYNAMIC_NO_PIC = NO;
				GCC_NO_COMMON_BLOCKS = YES;
				GCC_OPTIMIZATION_LEVEL = 0;
				GCC_PREPROCESSOR_DEFINITIONS = (
					"DEBUG=1",
					"$(inherited)",
				);
				GCC_WARN_64_TO_32_BIT_CONVERSION = YES;
				GCC_WARN_ABOUT_RETURN_TYPE = YES_ERROR;
				GCC_WARN_UNDECLARED_SELECTOR = YES;
				GCC_WARN_UNINITIALIZED_AUTOS = YES_AGGRESSIVE;
				GCC_WARN_UNUSED_FUNCTION = YES;
				GCC_WARN_UNUSED_VARIABLE = YES;
				IPHONEOS_DEPLOYMENT_TARGET = 14.0;
				MTL_ENABLE_DEBUG_INFO = INCLUDE_SOURCE;
				MTL_FAST_MATH = YES;
				ONLY_ACTIVE_ARCH = YES;
				SDKROOT = iphoneos;
				SWIFT_ACTIVE_COMPILATION_CONDITIONS = DEBUG;
				SWIFT_OPTIMIZATION_LEVEL = "-Onone";
			};
			name = Debug;
		};
		021A70CA2519F0D8006D7C91 /* Release */ = {
			isa = XCBuildConfiguration;
			buildSettings = {
				ALWAYS_SEARCH_USER_PATHS = NO;
				CLANG_ANALYZER_NONNULL = YES;
				CLANG_ANALYZER_NUMBER_OBJECT_CONVERSION = YES_AGGRESSIVE;
				CLANG_CXX_LANGUAGE_STANDARD = "gnu++14";
				CLANG_CXX_LIBRARY = "libc++";
				CLANG_ENABLE_MODULES = YES;
				CLANG_ENABLE_OBJC_ARC = YES;
				CLANG_ENABLE_OBJC_WEAK = YES;
				CLANG_WARN_BLOCK_CAPTURE_AUTORELEASING = YES;
				CLANG_WARN_BOOL_CONVERSION = YES;
				CLANG_WARN_COMMA = YES;
				CLANG_WARN_CONSTANT_CONVERSION = YES;
				CLANG_WARN_DEPRECATED_OBJC_IMPLEMENTATIONS = YES;
				CLANG_WARN_DIRECT_OBJC_ISA_USAGE = YES_ERROR;
				CLANG_WARN_DOCUMENTATION_COMMENTS = YES;
				CLANG_WARN_EMPTY_BODY = YES;
				CLANG_WARN_ENUM_CONVERSION = YES;
				CLANG_WARN_INFINITE_RECURSION = YES;
				CLANG_WARN_INT_CONVERSION = YES;
				CLANG_WARN_NON_LITERAL_NULL_CONVERSION = YES;
				CLANG_WARN_OBJC_IMPLICIT_RETAIN_SELF = YES;
				CLANG_WARN_OBJC_LITERAL_CONVERSION = YES;
				CLANG_WARN_OBJC_ROOT_CLASS = YES_ERROR;
				CLANG_WARN_QUOTED_INCLUDE_IN_FRAMEWORK_HEADER = YES;
				CLANG_WARN_RANGE_LOOP_ANALYSIS = YES;
				CLANG_WARN_STRICT_PROTOTYPES = YES;
				CLANG_WARN_SUSPICIOUS_MOVE = YES;
				CLANG_WARN_UNGUARDED_AVAILABILITY = YES_AGGRESSIVE;
				CLANG_WARN_UNREACHABLE_CODE = YES;
				CLANG_WARN__DUPLICATE_METHOD_MATCH = YES;
				COPY_PHASE_STRIP = NO;
				DEBUG_INFORMATION_FORMAT = "dwarf-with-dsym";
				ENABLE_NS_ASSERTIONS = NO;
				ENABLE_STRICT_OBJC_MSGSEND = YES;
				GCC_C_LANGUAGE_STANDARD = gnu11;
				GCC_NO_COMMON_BLOCKS = YES;
				GCC_WARN_64_TO_32_BIT_CONVERSION = YES;
				GCC_WARN_ABOUT_RETURN_TYPE = YES_ERROR;
				GCC_WARN_UNDECLARED_SELECTOR = YES;
				GCC_WARN_UNINITIALIZED_AUTOS = YES_AGGRESSIVE;
				GCC_WARN_UNUSED_FUNCTION = YES;
				GCC_WARN_UNUSED_VARIABLE = YES;
				IPHONEOS_DEPLOYMENT_TARGET = 14.0;
				MTL_ENABLE_DEBUG_INFO = NO;
				MTL_FAST_MATH = YES;
				SDKROOT = iphoneos;
				SWIFT_COMPILATION_MODE = wholemodule;
				SWIFT_OPTIMIZATION_LEVEL = "-O";
				VALIDATE_PRODUCT = YES;
			};
			name = Release;
		};
		021A70CC2519F0D8006D7C91 /* Debug */ = {
			isa = XCBuildConfiguration;
			buildSettings = {
				ASSETCATALOG_COMPILER_APPICON_NAME = AppIcon;
				ASSETCATALOG_COMPILER_GLOBAL_ACCENT_COLOR_NAME = AccentColor;
				CODE_SIGN_STYLE = Automatic;
				DEVELOPMENT_ASSET_PATHS = "\"Memories/Preview Content\"";
				DEVELOPMENT_TEAM = W9R8RJ8C7V;
				ENABLE_PREVIEWS = YES;
				INFOPLIST_FILE = Memories/Info.plist;
				IPHONEOS_DEPLOYMENT_TARGET = 14.0;
				LD_RUNPATH_SEARCH_PATHS = (
					"$(inherited)",
					"@executable_path/Frameworks",
				);
				PRODUCT_BUNDLE_IDENTIFIER = asymblyTest.cn.Memories;
				PRODUCT_NAME = "$(TARGET_NAME)";
				SWIFT_VERSION = 5.0;
				TARGETED_DEVICE_FAMILY = "1,2";
			};
			name = Debug;
		};
		021A70CD2519F0D8006D7C91 /* Release */ = {
			isa = XCBuildConfiguration;
			buildSettings = {
				ASSETCATALOG_COMPILER_APPICON_NAME = AppIcon;
				ASSETCATALOG_COMPILER_GLOBAL_ACCENT_COLOR_NAME = AccentColor;
				CODE_SIGN_STYLE = Automatic;
				DEVELOPMENT_ASSET_PATHS = "\"Memories/Preview Content\"";
				DEVELOPMENT_TEAM = W9R8RJ8C7V;
				ENABLE_PREVIEWS = YES;
				INFOPLIST_FILE = Memories/Info.plist;
				IPHONEOS_DEPLOYMENT_TARGET = 14.0;
				LD_RUNPATH_SEARCH_PATHS = (
					"$(inherited)",
					"@executable_path/Frameworks",
				);
				PRODUCT_BUNDLE_IDENTIFIER = asymblyTest.cn.Memories;
				PRODUCT_NAME = "$(TARGET_NAME)";
				SWIFT_VERSION = 5.0;
				TARGETED_DEVICE_FAMILY = "1,2";
			};
			name = Release;
		};
/* End XCBuildConfiguration section */

/* Begin XCConfigurationList section */
		021A70B22519F0D5006D7C91 /* Build configuration list for PBXProject "Memories" */ = {
			isa = XCConfigurationList;
			buildConfigurations = (
				021A70C92519F0D8006D7C91 /* Debug */,
				021A70CA2519F0D8006D7C91 /* Release */,
			);
			defaultConfigurationIsVisible = 0;
			defaultConfigurationName = Release;
		};
		021A70CB2519F0D8006D7C91 /* Build configuration list for PBXNativeTarget "Memories" */ = {
			isa = XCConfigurationList;
			buildConfigurations = (
				021A70CC2519F0D8006D7C91 /* Debug */,
				021A70CD2519F0D8006D7C91 /* Release */,
			);
			defaultConfigurationIsVisible = 0;
			defaultConfigurationName = Release;
		};
/* End XCConfigurationList section */

/* Begin XCVersionGroup section */
		021A70C52519F0D8006D7C91 /* Memories.xcdatamodeld */ = {
			isa = XCVersionGroup;
			children = (
				021A70C62519F0D8006D7C91 /* Memories.xcdatamodel */,
			);
			currentVersion = 021A70C62519F0D8006D7C91 /* Memories.xcdatamodel */;
			path = Memories.xcdatamodeld;
			sourceTree = "<group>";
			versionGroupType = wrapper.xcdatamodel;
		};
/* End XCVersionGroup section */
	};
	rootObject = 021A70AF2519F0D5006D7C91 /* Project object */;
}
